{
  "name": "ecommerce",
  "lockfileVersion": 3,
  "requires": true,
  "packages": {
    "": {
      "dependencies": {
        "mailcheck": "^1.1.1"
      }
    },
    "node_modules/mailcheck": {
      "version": "1.1.1",
      "resolved": "https://registry.npmjs.org/mailcheck/-/mailcheck-1.1.1.tgz",
      "integrity": "sha512-3WjL8+ZDouZwKlyJBMp/4LeziLFXgleOdsYu87piGcMLqhBzCsy2QFdbtAwv757TFC/rtqd738fgJw1tFQCSgA=="
    }
  }
}
